
Microsoft Visual Studio Solution File, Format Version 12.00
# Visual Studio Version 16
VisualStudioVersion = 16.0.30711.63
MinimumVisualStudioVersion = 10.0.40219.1
Project("{FAE04EC0-301F-11D3-BF4B-00C04F79EFBC}") = "PayPal_Invoiceing", "PayPal_Invoiceing.csproj", "{99573D4D-8E42-4DE1-B5FF-0C3054A04814}"
EndProject
Global
	GlobalSection(SolutionConfigurationPlatforms) = preSolution
		Debug|Any CPU = Debug|Any CPU
		Release|Any CPU = Release|Any CPU
	EndGlobalSection
	GlobalSection(ProjectConfigurationPlatforms) = postSolution
		{99573D4D-8E42-4DE1-B5FF-0C3054A04814}.Debug|Any CPU.ActiveCfg = Debug|Any CPU
		{99573D4D-8E42-4DE1-B5FF-0C3054A04814}.Debug|Any CPU.Build.0 = Debug|Any CPU
		{99573D4D-8E42-4DE1-B5FF-0C3054A04814}.Release|Any CPU.ActiveCfg = Release|Any CPU
		{99573D4D-8E42-4DE1-B5FF-0C3054A04814}.Release|Any CPU.Build.0 = Release|Any CPU
	EndGlobalSection
	GlobalSection(SolutionProperties) = preSolution
		HideSolutionNode = FALSE
	EndGlobalSection
	GlobalSection(ExtensibilityGlobals) = postSolution
		SolutionGuid = {8B5EE231-735E-4197-989C-CE2226363B8F}
	EndGlobalSection
EndGlobal
